// !$*UTF8*$!
{
	archiveVersion = 1;
	classes = {
	};
	objectVersion = 56;
	objects = {

/* Begin PBXBuildFile section */
		047855282C09146E00D2963B /* SignInViewModel.swift in Sources */ = {isa = PBXBuildFile; fileRef = 047855272C09146E00D2963B /* SignInViewModel.swift */; };
		0478552A2C09224500D2963B /* SignInState.swift in Sources */ = {isa = PBXBuildFile; fileRef = 047855292C09224500D2963B /* SignInState.swift */; };
		0478552C2C0A32B800D2963B /* MyTest.swift in Sources */ = {isa = PBXBuildFile; fileRef = 0478552B2C0A32B800D2963B /* MyTest.swift */; };
		047CBCC62BF7C09E002D243C /* SignInViewController.swift in Sources */ = {isa = PBXBuildFile; fileRef = 047CBCC52BF7C09E002D243C /* SignInViewController.swift */; };
		04D5B3732BE9D3B80061F144 /* AppDelegate.swift in Sources */ = {isa = PBXBuildFile; fileRef = 04D5B3722BE9D3B80061F144 /* AppDelegate.swift */; };
		04D5B3752BE9D3B80061F144 /* SceneDelegate.swift in Sources */ = {isa = PBXBuildFile; fileRef = 04D5B3742BE9D3B80061F144 /* SceneDelegate.swift */; };
		04D5B37C2BE9D3BB0061F144 /* Assets.xcassets in Resources */ = {isa = PBXBuildFile; fileRef = 04D5B37B2BE9D3BB0061F144 /* Assets.xcassets */; };
		04D5B37F2BE9D3BB0061F144 /* Base in Resources */ = {isa = PBXBuildFile; fileRef = 04D5B37E2BE9D3BB0061F144 /* Base */; };
/* End PBXBuildFile section */

/* Begin PBXFileReference section */
		047855272C09146E00D2963B /* SignInViewModel.swift */ = {isa = PBXFileReference; lastKnownFileType = sourcecode.swift; path = SignInViewModel.swift; sourceTree = "<group>"; };
		047855292C09224500D2963B /* SignInState.swift */ = {isa = PBXFileReference; lastKnownFileType = sourcecode.swift; path = SignInState.swift; sourceTree = "<group>"; };
		0478552B2C0A32B800D2963B /* MyTest.swift */ = {isa = PBXFileReference; lastKnownFileType = sourcecode.swift; path = MyTest.swift; sourceTree = "<group>"; };
		047CBCC52BF7C09E002D243C /* SignInViewController.swift */ = {isa = PBXFileReference; lastKnownFileType = sourcecode.swift; path = SignInViewController.swift; sourceTree = "<group>"; };
		04D5B36F2BE9D3B80061F144 /* KingBurger.app */ = {isa = PBXFileReference; explicitFileType = wrapper.application; includeInIndex = 0; path = KingBurger.app; sourceTree = BUILT_PRODUCTS_DIR; };
		04D5B3722BE9D3B80061F144 /* AppDelegate.swift */ = {isa = PBXFileReference; lastKnownFileType = sourcecode.swift; path = AppDelegate.swift; sourceTree = "<group>"; };
		04D5B3742BE9D3B80061F144 /* SceneDelegate.swift */ = {isa = PBXFileReference; lastKnownFileType = sourcecode.swift; path = SceneDelegate.swift; sourceTree = "<group>"; };
		04D5B37B2BE9D3BB0061F144 /* Assets.xcassets */ = {isa = PBXFileReference; lastKnownFileType = folder.assetcatalog; path = Assets.xcassets; sourceTree = "<group>"; };
		04D5B37E2BE9D3BB0061F144 /* Base */ = {isa = PBXFileReference; lastKnownFileType = file.storyboard; name = Base; path = Base.lproj/LaunchScreen.storyboard; sourceTree = "<group>"; };
		04D5B3802BE9D3BB0061F144 /* Info.plist */ = {isa = PBXFileReference; lastKnownFileType = text.plist.xml; path = Info.plist; sourceTree = "<group>"; };
/* End PBXFileReference section */

/* Begin PBXFrameworksBuildPhase section */
		04D5B36C2BE9D3B80061F144 /* Frameworks */ = {
			isa = PBXFrameworksBuildPhase;
			buildActionMask = 2147483647;
			files = (
			);
			runOnlyForDeploymentPostprocessing = 0;
		};
/* End PBXFrameworksBuildPhase section */

/* Begin PBXGroup section */
		047855262C09144900D2963B /* ViewModel */ = {
			isa = PBXGroup;
			children = (
				047855272C09146E00D2963B /* SignInViewModel.swift */,
				047855292C09224500D2963B /* SignInState.swift */,
				0478552B2C0A32B800D2963B /* MyTest.swift */,
			);
			path = ViewModel;
			sourceTree = "<group>";
		};
		047CBCC32BF7BFBF002D243C /* SignIn */ = {
			isa = PBXGroup;
			children = (
				047855262C09144900D2963B /* ViewModel */,
				047CBCC42BF7BFDA002D243C /* View */,
			);
			path = SignIn;
			sourceTree = "<group>";
		};
		047CBCC42BF7BFDA002D243C /* View */ = {
			isa = PBXGroup;
			children = (
				047CBCC52BF7C09E002D243C /* SignInViewController.swift */,
			);
			path = View;
			sourceTree = "<group>";
		};
		04D5B3662BE9D3B80061F144 = {
			isa = PBXGroup;
			children = (
				04D5B3712BE9D3B80061F144 /* KingBurger */,
				04D5B3702BE9D3B80061F144 /* Products */,
			);
			sourceTree = "<group>";
		};
		04D5B3702BE9D3B80061F144 /* Products */ = {
			isa = PBXGroup;
			children = (
				04D5B36F2BE9D3B80061F144 /* KingBurger.app */,
			);
			name = Products;
			sourceTree = "<group>";
		};
		04D5B3712BE9D3B80061F144 /* KingBurger */ = {
			isa = PBXGroup;
			children = (
				047CBCC32BF7BFBF002D243C /* SignIn */,
				04D5B3722BE9D3B80061F144 /* AppDelegate.swift */,
				04D5B3742BE9D3B80061F144 /* SceneDelegate.swift */,
				04D5B37B2BE9D3BB0061F144 /* Assets.xcassets */,
				04D5B37D2BE9D3BB0061F144 /* LaunchScreen.storyboard */,
				04D5B3802BE9D3BB0061F144 /* Info.plist */,
			);
			path = KingBurger;
			sourceTree = "<group>";
		};
/* End PBXGroup section */

/* Begin PBXNativeTarget section */
		04D5B36E2BE9D3B80061F144 /* KingBurger */ = {
			isa = PBXNativeTarget;
			buildConfigurationList = 04D5B3832BE9D3BB0061F144 /* Build configuration list for PBXNativeTarget "KingBurger" */;
			buildPhases = (
				04D5B36B2BE9D3B80061F144 /* Sources */,
				04D5B36C2BE9D3B80061F144 /* Frameworks */,
				04D5B36D2BE9D3B80061F144 /* Resources */,
			);
			buildRules = (
			);
			dependencies = (
			);
			name = KingBurger;
			productName = KingBurger;
			productReference = 04D5B36F2BE9D3B80061F144 /* KingBurger.app */;
			productType = "com.apple.product-type.application";
		};
/* End PBXNativeTarget section */

/* Begin PBXProject section */
		04D5B3672BE9D3B80061F144 /* Project object */ = {
			isa = PBXProject;
			attributes = {
				BuildIndependentTargetsInParallel = 1;
				LastSwiftUpdateCheck = 1530;
				LastUpgradeCheck = 1530;
				TargetAttributes = {
					04D5B36E2BE9D3B80061F144 = {
						CreatedOnToolsVersion = 15.3;
					};
				};
			};
			buildConfigurationList = 04D5B36A2BE9D3B80061F144 /* Build configuration list for PBXProject "KingBurger" */;
			compatibilityVersion = "Xcode 14.0";
			developmentRegion = en;
			hasScannedForEncodings = 0;
			knownRegions = (
				en,
				Base,
			);
			mainGroup = 04D5B3662BE9D3B80061F144;
			productRefGroup = 04D5B3702BE9D3B80061F144 /* Products */;
			projectDirPath = "";
			projectRoot = "";
			targets = (
				04D5B36E2BE9D3B80061F144 /* KingBurger */,
			);
		};
/* End PBXProject section */

/* Begin PBXResourcesBuildPhase section */
		04D5B36D2BE9D3B80061F144 /* Resources */ = {
			isa = PBXResourcesBuildPhase;
			buildActionMask = 2147483647;
			files = (
				04D5B37C2BE9D3BB0061F144 /* Assets.xcassets in Resources */,
				04D5B37F2BE9D3BB0061F144 /* Base in Resources */,
			);
			runOnlyForDeploymentPostprocessing = 0;
		};
/* End PBXResourcesBuildPhase section */

/* Begin PBXSourcesBuildPhase section */
		04D5B36B2BE9D3B80061F144 /* Sources */ = {
			isa = PBXSourcesBuildPhase;
			buildActionMask = 2147483647;
			files = (
				047855282C09146E00D2963B /* SignInViewModel.swift in Sources */,
				047CBCC62BF7C09E002D243C /* SignInViewController.swift in Sources */,
				04D5B3732BE9D3B80061F144 /* AppDelegate.swift in Sources */,
				04D5B3752BE9D3B80061F144 /* SceneDelegate.swift in Sources */,
				0478552A2C09224500D2963B /* SignInState.swift in Sources */,
				0478552C2C0A32B800D2963B /* MyTest.swift in Sources */,
			);
			runOnlyForDeploymentPostprocessing = 0;
		};
/* End PBXSourcesBuildPhase section */

/* Begin PBXVariantGroup section */
		04D5B37D2BE9D3BB0061F144 /* LaunchScreen.storyboard */ = {
			isa = PBXVariantGroup;
			children = (
				04D5B37E2BE9D3BB0061F144 /* Base */,
			);
			name = LaunchScreen.storyboard;
			sourceTree = "<group>";
		};
/* End PBXVariantGroup section */

/* Begin XCBuildConfiguration section */
		04D5B3812BE9D3BB0061F144 /* Debug */ = {
			isa = XCBuildConfiguration;
			buildSettings = {
				ALWAYS_SEARCH_USER_PATHS = NO;
				ASSETCATALOG_COMPILER_GENERATE_SWIFT_ASSET_SYMBOL_EXTENSIONS = YES;
				CLANG_ANALYZER_NONNULL = YES;
				CLANG_ANALYZER_NUMBER_OBJECT_CONVERSION = YES_AGGRESSIVE;
				CLANG_CXX_LANGUAGE_STANDARD = "gnu++20";
				CLANG_ENABLE_MODULES = YES;
				CLANG_ENABLE_OBJC_ARC = YES;
				CLANG_ENABLE_OBJC_WEAK = YES;
				CLANG_WARN_BLOCK_CAPTURE_AUTORELEASING = YES;
				CLANG_WARN_BOOL_CONVERSION = YES;
				CLANG_WARN_COMMA = YES;
				CLANG_WARN_CONSTANT_CONVERSION = YES;
				CLANG_WARN_DEPRECATED_OBJC_IMPLEMENTATIONS = YES;
				CLANG_WARN_DIRECT_OBJC_ISA_USAGE = YES_ERROR;
				CLANG_WARN_DOCUMENTATION_COMMENTS = YES;
				CLANG_WARN_EMPTY_BODY = YES;
				CLANG_WARN_ENUM_CONVERSION = YES;
				CLANG_WARN_INFINITE_RECURSION = YES;
				CLANG_WARN_INT_CONVERSION = YES;
				CLANG_WARN_NON_LITERAL_NULL_CONVERSION = YES;
				CLANG_WARN_OBJC_IMPLICIT_RETAIN_SELF = YES;
				CLANG_WARN_OBJC_LITERAL_CONVERSION = YES;
				CLANG_WARN_OBJC_ROOT_CLASS = YES_ERROR;
				CLANG_WARN_QUOTED_INCLUDE_IN_FRAMEWORK_HEADER = YES;
				CLANG_WARN_RANGE_LOOP_ANALYSIS = YES;
				CLANG_WARN_STRICT_PROTOTYPES = YES;
				CLANG_WARN_SUSPICIOUS_MOVE = YES;
				CLANG_WARN_UNGUARDED_AVAILABILITY = YES_AGGRESSIVE;
				CLANG_WARN_UNREACHABLE_CODE = YES;
				CLANG_WARN__DUPLICATE_METHOD_MATCH = YES;
				COPY_PHASE_STRIP = NO;
				DEBUG_INFORMATION_FORMAT = dwarf;
				ENABLE_STRICT_OBJC_MSGSEND = YES;
				ENABLE_TESTABILITY = YES;
				ENABLE_USER_SCRIPT_SANDBOXING = YES;
				GCC_C_LANGUAGE_STANDARD = gnu17;
				GCC_DYNAMIC_NO_PIC = NO;
				GCC_NO_COMMON_BLOCKS = YES;
				GCC_OPTIMIZATION_LEVEL = 0;
				GCC_PREPROCESSOR_DEFINITIONS = (
					"DEBUG=1",
					"$(inherited)",
				);
				GCC_WARN_64_TO_32_BIT_CONVERSION = YES;
				GCC_WARN_ABOUT_RETURN_TYPE = YES_ERROR;
				GCC_WARN_UNDECLARED_SELECTOR = YES;
				GCC_WARN_UNINITIALIZED_AUTOS = YES_AGGRESSIVE;
				GCC_WARN_UNUSED_FUNCTION = YES;
				GCC_WARN_UNUSED_VARIABLE = YES;
				IPHONEOS_DEPLOYMENT_TARGET = 17.4;
				LOCALIZATION_PREFERS_STRING_CATALOGS = YES;
				MTL_ENABLE_DEBUG_INFO = INCLUDE_SOURCE;
				MTL_FAST_MATH = YES;
				ONLY_ACTIVE_ARCH = YES;
				SDKROOT = iphoneos;
				SWIFT_ACTIVE_COMPILATION_CONDITIONS = "DEBUG $(inherited)";
				SWIFT_OPTIMIZATION_LEVEL = "-Onone";
			};
			name = Debug;
		};
		04D5B3822BE9D3BB0061F144 /* Release */ = {
			isa = XCBuildConfiguration;
			buildSettings = {
				ALWAYS_SEARCH_USER_PATHS = NO;
				ASSETCATALOG_COMPILER_GENERATE_SWIFT_ASSET_SYMBOL_EXTENSIONS = YES;
				CLANG_ANALYZER_NONNULL = YES;
				CLANG_ANALYZER_NUMBER_OBJECT_CONVERSION = YES_AGGRESSIVE;
				CLANG_CXX_LANGUAGE_STANDARD = "gnu++20";
				CLANG_ENABLE_MODULES = YES;
				CLANG_ENABLE_OBJC_ARC = YES;
				CLANG_ENABLE_OBJC_WEAK = YES;
				CLANG_WARN_BLOCK_CAPTURE_AUTORELEASING = YES;
				CLANG_WARN_BOOL_CONVERSION = YES;
				CLANG_WARN_COMMA = YES;
				CLANG_WARN_CONSTANT_CONVERSION = YES;
				CLANG_WARN_DEPRECATED_OBJC_IMPLEMENTATIONS = YES;
				CLANG_WARN_DIRECT_OBJC_ISA_USAGE = YES_ERROR;
				CLANG_WARN_DOCUMENTATION_COMMENTS = YES;
				CLANG_WARN_EMPTY_BODY = YES;
				CLANG_WARN_ENUM_CONVERSION = YES;
				CLANG_WARN_INFINITE_RECURSION = YES;
				CLANG_WARN_INT_CONVERSION = YES;
				CLANG_WARN_NON_LITERAL_NULL_CONVERSION = YES;
				CLANG_WARN_OBJC_IMPLICIT_RETAIN_SELF = YES;
				CLANG_WARN_OBJC_LITERAL_CONVERSION = YES;
				CLANG_WARN_OBJC_ROOT_CLASS = YES_ERROR;
				CLANG_WARN_QUOTED_INCLUDE_IN_FRAMEWORK_HEADER = YES;
				CLANG_WARN_RANGE_LOOP_ANALYSIS = YES;
				CLANG_WARN_STRICT_PROTOTYPES = YES;
				CLANG_WARN_SUSPICIOUS_MOVE = YES;
				CLANG_WARN_UNGUARDED_AVAILABILITY = YES_AGGRESSIVE;
				CLANG_WARN_UNREACHABLE_CODE = YES;
				CLANG_WARN__DUPLICATE_METHOD_MATCH = YES;
				COPY_PHASE_STRIP = NO;
				DEBUG_INFORMATION_FORMAT = "dwarf-with-dsym";
				ENABLE_NS_ASSERTIONS = NO;
				ENABLE_STRICT_OBJC_MSGSEND = YES;
				ENABLE_USER_SCRIPT_SANDBOXING = YES;
				GCC_C_LANGUAGE_STANDARD = gnu17;
				GCC_NO_COMMON_BLOCKS = YES;
				GCC_WARN_64_TO_32_BIT_CONVERSION = YES;
				GCC_WARN_ABOUT_RETURN_TYPE = YES_ERROR;
				GCC_WARN_UNDECLARED_SELECTOR = YES;
				GCC_WARN_UNINITIALIZED_AUTOS = YES_AGGRESSIVE;
				GCC_WARN_UNUSED_FUNCTION = YES;
				GCC_WARN_UNUSED_VARIABLE = YES;
				IPHONEOS_DEPLOYMENT_TARGET = 17.4;
				LOCALIZATION_PREFERS_STRING_CATALOGS = YES;
				MTL_ENABLE_DEBUG_INFO = NO;
				MTL_FAST_MATH = YES;
				SDKROOT = iphoneos;
				SWIFT_COMPILATION_MODE = wholemodule;
				VALIDATE_PRODUCT = YES;
			};
			name = Release;
		};
		04D5B3842BE9D3BB0061F144 /* Debug */ = {
			isa = XCBuildConfiguration;
			buildSettings = {
				ASSETCATALOG_COMPILER_APPICON_NAME = AppIcon;
				ASSETCATALOG_COMPILER_GLOBAL_ACCENT_COLOR_NAME = AccentColor;
				CODE_SIGN_STYLE = Automatic;
				CURRENT_PROJECT_VERSION = 1;
				GENERATE_INFOPLIST_FILE = YES;
				INFOPLIST_FILE = KingBurger/Info.plist;
				INFOPLIST_KEY_UIApplicationSupportsIndirectInputEvents = YES;
				INFOPLIST_KEY_UILaunchStoryboardName = LaunchScreen;
				INFOPLIST_KEY_UISupportedInterfaceOrientations_iPad = "UIInterfaceOrientationPortrait UIInterfaceOrientationPortraitUpsideDown UIInterfaceOrientationLandscapeLeft UIInterfaceOrientationLandscapeRight";
				INFOPLIST_KEY_UISupportedInterfaceOrientations_iPhone = "UIInterfaceOrientationPortrait UIInterfaceOrientationLandscapeLeft UIInterfaceOrientationLandscapeRight";
				LD_RUNPATH_SEARCH_PATHS = (
					"$(inherited)",
					"@executable_path/Frameworks",
				);
				MARKETING_VERSION = 1.0;
				PRODUCT_BUNDLE_IDENTIFIER = dev.leandromodena.KingBurger;
				PRODUCT_NAME = "$(TARGET_NAME)";
				SWIFT_EMIT_LOC_STRINGS = YES;
				SWIFT_VERSION = 5.0;
				TARGETED_DEVICE_FAMILY = "1,2";
			};
			name = Debug;
		};
		04D5B3852BE9D3BB0061F144 /* Release */ = {
			isa = XCBuildConfiguration;
			buildSettings = {
				ASSETCATALOG_COMPILER_APPICON_NAME = AppIcon;
				ASSETCATALOG_COMPILER_GLOBAL_ACCENT_COLOR_NAME = AccentColor;
				CODE_SIGN_STYLE = Automatic;
				CURRENT_PROJECT_VERSION = 1;
				GENERATE_INFOPLIST_FILE = YES;
				INFOPLIST_FILE = KingBurger/Info.plist;
				INFOPLIST_KEY_UIApplicationSupportsIndirectInputEvents = YES;
				INFOPLIST_KEY_UILaunchStoryboardName = LaunchScreen;
				INFOPLIST_KEY_UISupportedInterfaceOrientations_iPad = "UIInterfaceOrientationPortrait UIInterfaceOrientationPortraitUpsideDown UIInterfaceOrientationLandscapeLeft UIInterfaceOrientationLandscapeRight";
				INFOPLIST_KEY_UISupportedInterfaceOrientations_iPhone = "UIInterfaceOrientationPortrait UIInterfaceOrientationLandscapeLeft UIInterfaceOrientationLandscapeRight";
				LD_RUNPATH_SEARCH_PATHS = (
					"$(inherited)",
					"@executable_path/Frameworks",
				);
				MARKETING_VERSION = 1.0;
				PRODUCT_BUNDLE_IDENTIFIER = dev.leandromodena.KingBurger;
				PRODUCT_NAME = "$(TARGET_NAME)";
				SWIFT_EMIT_LOC_STRINGS = YES;
				SWIFT_VERSION = 5.0;
				TARGETED_DEVICE_FAMILY = "1,2";
			};
			name = Release;
		};
/* End XCBuildConfiguration section */

/* Begin XCConfigurationList section */
		04D5B36A2BE9D3B80061F144 /* Build configuration list for PBXProject "KingBurger" */ = {
			isa = XCConfigurationList;
			buildConfigurations = (
				04D5B3812BE9D3BB0061F144 /* Debug */,
				04D5B3822BE9D3BB0061F144 /* Release */,
			);
			defaultConfigurationIsVisible = 0;
			defaultConfigurationName = Release;
		};
		04D5B3832BE9D3BB0061F144 /* Build configuration list for PBXNativeTarget "KingBurger" */ = {
			isa = XCConfigurationList;
			buildConfigurations = (
				04D5B3842BE9D3BB0061F144 /* Debug */,
				04D5B3852BE9D3BB0061F144 /* Release */,
			);
			defaultConfigurationIsVisible = 0;
			defaultConfigurationName = Release;
		};
/* End XCConfigurationList section */
	};
	rootObject = 04D5B3672BE9D3B80061F144 /* Project object */;
}
